// !$*UTF8*$!
{
	archiveVersion = 1;
	classes = {
	};
	objectVersion = 46;
	objects = {

/* Begin PBXBuildFile section */
		D8F76F001A23B6EB008879E9 /* AppDelegate.swift in Sources */ = {isa = PBXBuildFile; fileRef = D8F76EFF1A23B6EB008879E9 /* AppDelegate.swift */; };
		D8F76F021A23B6EB008879E9 /* ViewController.swift in Sources */ = {isa = PBXBuildFile; fileRef = D8F76F011A23B6EB008879E9 /* ViewController.swift */; };
		D8F76F041A23B6EB008879E9 /* Images.xcassets in Resources */ = {isa = PBXBuildFile; fileRef = D8F76F031A23B6EB008879E9 /* Images.xcassets */; };
		D8F76F071A23B6EB008879E9 /* Main.storyboard in Resources */ = {isa = PBXBuildFile; fileRef = D8F76F051A23B6EB008879E9 /* Main.storyboard */; };
		D8F76F131A23B6EC008879E9 /* SoundDownTests.swift in Sources */ = {isa = PBXBuildFile; fileRef = D8F76F121A23B6EC008879E9 /* SoundDownTests.swift */; };
/* End PBXBuildFile section */

/* Begin PBXContainerItemProxy section */
		D8F76F0D1A23B6EC008879E9 /* PBXContainerItemProxy */ = {
			isa = PBXContainerItemProxy;
			containerPortal = D8F76EF21A23B6EB008879E9 /* Project object */;
			proxyType = 1;
			remoteGlobalIDString = D8F76EF91A23B6EB008879E9;
			remoteInfo = SoundDown;
		};
/* End PBXContainerItemProxy section */

/* Begin PBXFileReference section */
		D8F76EFA1A23B6EB008879E9 /* SoundDown.app */ = {isa = PBXFileReference; explicitFileType = wrapper.application; includeInIndex = 0; path = SoundDown.app; sourceTree = BUILT_PRODUCTS_DIR; };
		D8F76EFE1A23B6EB008879E9 /* Info.plist */ = {isa = PBXFileReference; lastKnownFileType = text.plist.xml; path = Info.plist; sourceTree = "<group>"; };
		D8F76EFF1A23B6EB008879E9 /* AppDelegate.swift */ = {isa = PBXFileReference; lastKnownFileType = sourcecode.swift; path = AppDelegate.swift; sourceTree = "<group>"; };
		D8F76F011A23B6EB008879E9 /* ViewController.swift */ = {isa = PBXFileReference; lastKnownFileType = sourcecode.swift; path = ViewController.swift; sourceTree = "<group>"; };
		D8F76F031A23B6EB008879E9 /* Images.xcassets */ = {isa = PBXFileReference; lastKnownFileType = folder.assetcatalog; path = Images.xcassets; sourceTree = "<group>"; };
		D8F76F061A23B6EB008879E9 /* Base */ = {isa = PBXFileReference; lastKnownFileType = file.storyboard; name = Base; path = Base.lproj/Main.storyboard; sourceTree = "<group>"; };
		D8F76F0C1A23B6EC008879E9 /* SoundDownTests.xctest */ = {isa = PBXFileReference; explicitFileType = wrapper.cfbundle; includeInIndex = 0; path = SoundDownTests.xctest; sourceTree = BUILT_PRODUCTS_DIR; };
		D8F76F111A23B6EC008879E9 /* Info.plist */ = {isa = PBXFileReference; lastKnownFileType = text.plist.xml; path = Info.plist; sourceTree = "<group>"; };
		D8F76F121A23B6EC008879E9 /* SoundDownTests.swift */ = {isa = PBXFileReference; lastKnownFileType = sourcecode.swift; path = SoundDownTests.swift; sourceTree = "<group>"; };
/* End PBXFileReference section */

/* Begin PBXFrameworksBuildPhase section */
		D8F76EF71A23B6EB008879E9 /* Frameworks */ = {
			isa = PBXFrameworksBuildPhase;
			buildActionMask = 2147483647;
			files = (
			);
			runOnlyForDeploymentPostprocessing = 0;
		};
		D8F76F091A23B6EC008879E9 /* Frameworks */ = {
			isa = PBXFrameworksBuildPhase;
			buildActionMask = 2147483647;
			files = (
			);
			runOnlyForDeploymentPostprocessing = 0;
		};
/* End PBXFrameworksBuildPhase section */

/* Begin PBXGroup section */
		D8F76EF11A23B6EB008879E9 = {
			isa = PBXGroup;
			children = (
				D8F76EFC1A23B6EB008879E9 /* SoundDown */,
				D8F76F0F1A23B6EC008879E9 /* SoundDownTests */,
				D8F76EFB1A23B6EB008879E9 /* Products */,
			);
			sourceTree = "<group>";
		};
		D8F76EFB1A23B6EB008879E9 /* Products */ = {
			isa = PBXGroup;
			children = (
				D8F76EFA1A23B6EB008879E9 /* SoundDown.app */,
				D8F76F0C1A23B6EC008879E9 /* SoundDownTests.xctest */,
			);
			name = Products;
			sourceTree = "<group>";
		};
		D8F76EFC1A23B6EB008879E9 /* SoundDown */ = {
			isa = PBXGroup;
			children = (
				D8F76EFF1A23B6EB008879E9 /* AppDelegate.swift */,
				D8F76F011A23B6EB008879E9 /* ViewController.swift */,
				D8F76F031A23B6EB008879E9 /* Images.xcassets */,
				D8F76F051A23B6EB008879E9 /* Main.storyboard */,
				D8F76EFD1A23B6EB008879E9 /* Supporting Files */,
			);
			path = SoundDown;
			sourceTree = "<group>";
		};
		D8F76EFD1A23B6EB008879E9 /* Supporting Files */ = {
			isa = PBXGroup;
			children = (
				D8F76EFE1A23B6EB008879E9 /* Info.plist */,
			);
			name = "Supporting Files";
			sourceTree = "<group>";
		};
		D8F76F0F1A23B6EC008879E9 /* SoundDownTests */ = {
			isa = PBXGroup;
			children = (
				D8F76F121A23B6EC008879E9 /* SoundDownTests.swift */,
				D8F76F101A23B6EC008879E9 /* Supporting Files */,
			);
			path = SoundDownTests;
			sourceTree = "<group>";
		};
		D8F76F101A23B6EC008879E9 /* Supporting Files */ = {
			isa = PBXGroup;
			children = (
				D8F76F111A23B6EC008879E9 /* Info.plist */,
			);
			name = "Supporting Files";
			sourceTree = "<group>";
		};
/* End PBXGroup section */

/* Begin PBXNativeTarget section */
		D8F76EF91A23B6EB008879E9 /* SoundDown */ = {
			isa = PBXNativeTarget;
			buildConfigurationList = D8F76F161A23B6EC008879E9 /* Build configuration list for PBXNativeTarget "SoundDown" */;
			buildPhases = (
				D8F76EF61A23B6EB008879E9 /* Sources */,
				D8F76EF71A23B6EB008879E9 /* Frameworks */,
				D8F76EF81A23B6EB008879E9 /* Resources */,
			);
			buildRules = (
			);
			dependencies = (
			);
			name = SoundDown;
			productName = SoundDown;
			productReference = D8F76EFA1A23B6EB008879E9 /* SoundDown.app */;
			productType = "com.apple.product-type.application";
		};
		D8F76F0B1A23B6EC008879E9 /* SoundDownTests */ = {
			isa = PBXNativeTarget;
			buildConfigurationList = D8F76F191A23B6EC008879E9 /* Build configuration list for PBXNativeTarget "SoundDownTests" */;
			buildPhases = (
				D8F76F081A23B6EC008879E9 /* Sources */,
				D8F76F091A23B6EC008879E9 /* Frameworks */,
				D8F76F0A1A23B6EC008879E9 /* Resources */,
			);
			buildRules = (
			);
			dependencies = (
				D8F76F0E1A23B6EC008879E9 /* PBXTargetDependency */,
			);
			name = SoundDownTests;
			productName = SoundDownTests;
			productReference = D8F76F0C1A23B6EC008879E9 /* SoundDownTests.xctest */;
			productType = "com.apple.product-type.bundle.unit-test";
		};
/* End PBXNativeTarget section */

/* Begin PBXProject section */
		D8F76EF21A23B6EB008879E9 /* Project object */ = {
			isa = PBXProject;
			attributes = {
				LastUpgradeCheck = 0610;
				ORGANIZATIONNAME = "Grayson Cash";
				TargetAttributes = {
					D8F76EF91A23B6EB008879E9 = {
						CreatedOnToolsVersion = 6.1;
					};
					D8F76F0B1A23B6EC008879E9 = {
						CreatedOnToolsVersion = 6.1;
						TestTargetID = D8F76EF91A23B6EB008879E9;
					};
				};
			};
			buildConfigurationList = D8F76EF51A23B6EB008879E9 /* Build configuration list for PBXProject "SoundDown" */;
			compatibilityVersion = "Xcode 3.2";
			developmentRegion = English;
			hasScannedForEncodings = 0;
			knownRegions = (
				en,
				Base,
			);
			mainGroup = D8F76EF11A23B6EB008879E9;
			productRefGroup = D8F76EFB1A23B6EB008879E9 /* Products */;
			projectDirPath = "";
			projectRoot = "";
			targets = (
				D8F76EF91A23B6EB008879E9 /* SoundDown */,
				D8F76F0B1A23B6EC008879E9 /* SoundDownTests */,
			);
		};
/* End PBXProject section */

/* Begin PBXResourcesBuildPhase section */
		D8F76EF81A23B6EB008879E9 /* Resources */ = {
			isa = PBXResourcesBuildPhase;
			buildActionMask = 2147483647;
			files = (
				D8F76F041A23B6EB008879E9 /* Images.xcassets in Resources */,
				D8F76F071A23B6EB008879E9 /* Main.storyboard in Resources */,
			);
			runOnlyForDeploymentPostprocessing = 0;
		};
		D8F76F0A1A23B6EC008879E9 /* Resources */ = {
			isa = PBXResourcesBuildPhase;
			buildActionMask = 2147483647;
			files = (
			);
			runOnlyForDeploymentPostprocessing = 0;
		};
/* End PBXResourcesBuildPhase section */

/* Begin PBXSourcesBuildPhase section */
		D8F76EF61A23B6EB008879E9 /* Sources */ = {
			isa = PBXSourcesBuildPhase;
			buildActionMask = 2147483647;
			files = (
				D8F76F021A23B6EB008879E9 /* ViewController.swift in Sources */,
				D8F76F001A23B6EB008879E9 /* AppDelegate.swift in Sources */,
			);
			runOnlyForDeploymentPostprocessing = 0;
		};
		D8F76F081A23B6EC008879E9 /* Sources */ = {
			isa = PBXSourcesBuildPhase;
			buildActionMask = 2147483647;
			files = (
				D8F76F131A23B6EC008879E9 /* SoundDownTests.swift in Sources */,
			);
			runOnlyForDeploymentPostprocessing = 0;
		};
/* End PBXSourcesBuildPhase section */

/* Begin PBXTargetDependency section */
		D8F76F0E1A23B6EC008879E9 /* PBXTargetDependency */ = {
			isa = PBXTargetDependency;
			target = D8F76EF91A23B6EB008879E9 /* SoundDown */;
			targetProxy = D8F76F0D1A23B6EC008879E9 /* PBXContainerItemProxy */;
		};
/* End PBXTargetDependency section */

/* Begin PBXVariantGroup section */
		D8F76F051A23B6EB008879E9 /* Main.storyboard */ = {
			isa = PBXVariantGroup;
			children = (
				D8F76F061A23B6EB008879E9 /* Base */,
			);
			name = Main.storyboard;
			sourceTree = "<group>";
		};
/* End PBXVariantGroup section */

/* Begin XCBuildConfiguration section */
		D8F76F141A23B6EC008879E9 /* Debug */ = {
			isa = XCBuildConfiguration;
			buildSettings = {
				ALWAYS_SEARCH_USER_PATHS = NO;
				CLANG_CXX_LANGUAGE_STANDARD = "gnu++0x";
				CLANG_CXX_LIBRARY = "libc++";
				CLANG_ENABLE_MODULES = YES;
				CLANG_ENABLE_OBJC_ARC = YES;
				CLANG_WARN_BOOL_CONVERSION = YES;
				CLANG_WARN_CONSTANT_CONVERSION = YES;
				CLANG_WARN_DIRECT_OBJC_ISA_USAGE = YES_ERROR;
				CLANG_WARN_EMPTY_BODY = YES;
				CLANG_WARN_ENUM_CONVERSION = YES;
				CLANG_WARN_INT_CONVERSION = YES;
				CLANG_WARN_OBJC_ROOT_CLASS = YES_ERROR;
				CLANG_WARN_UNREACHABLE_CODE = YES;
				CLANG_WARN__DUPLICATE_METHOD_MATCH = YES;
				CODE_SIGN_IDENTITY = "-";
				COPY_PHASE_STRIP = NO;
				ENABLE_STRICT_OBJC_MSGSEND = YES;
				GCC_C_LANGUAGE_STANDARD = gnu99;
				GCC_DYNAMIC_NO_PIC = NO;
				GCC_OPTIMIZATION_LEVEL = 0;
				GCC_PREPROCESSOR_DEFINITIONS = (
					"DEBUG=1",
					"$(inherited)",
				);
				GCC_SYMBOLS_PRIVATE_EXTERN = NO;
				GCC_WARN_64_TO_32_BIT_CONVERSION = YES;
				GCC_WARN_ABOUT_RETURN_TYPE = YES_ERROR;
				GCC_WARN_UNDECLARED_SELECTOR = YES;
				GCC_WARN_UNINITIALIZED_AUTOS = YES_AGGRESSIVE;
				GCC_WARN_UNUSED_FUNCTION = YES;
				GCC_WARN_UNUSED_VARIABLE = YES;
				MACOSX_DEPLOYMENT_TARGET = 10.10;
				MTL_ENABLE_DEBUG_INFO = YES;
				ONLY_ACTIVE_ARCH = YES;
				SDKROOT = macosx;
				SWIFT_OPTIMIZATION_LEVEL = "-Onone";
			};
			name = Debug;
		};
		D8F76F151A23B6EC008879E9 /* Release */ = {
			isa = XCBuildConfiguration;
			buildSettings = {
				ALWAYS_SEARCH_USER_PATHS = NO;
				CLANG_CXX_LANGUAGE_STANDARD = "gnu++0x";
				CLANG_CXX_LIBRARY = "libc++";
				CLANG_ENABLE_MODULES = YES;
				CLANG_ENABLE_OBJC_ARC = YES;
				CLANG_WARN_BOOL_CONVERSION = YES;
				CLANG_WARN_CONSTANT_CONVERSION = YES;
				CLANG_WARN_DIRECT_OBJC_ISA_USAGE = YES_ERROR;
				CLANG_WARN_EMPTY_BODY = YES;
				CLANG_WARN_ENUM_CONVERSION = YES;
				CLANG_WARN_INT_CONVERSION = YES;
				CLANG_WARN_OBJC_ROOT_CLASS = YES_ERROR;
				CLANG_WARN_UNREACHABLE_CODE = YES;
				CLANG_WARN__DUPLICATE_METHOD_MATCH = YES;
				CODE_SIGN_IDENTITY = "-";
				COPY_PHASE_STRIP = YES;
				DEBUG_INFORMATION_FORMAT = "dwarf-with-dsym";
				ENABLE_NS_ASSERTIONS = NO;
				ENABLE_STRICT_OBJC_MSGSEND = YES;
				GCC_C_LANGUAGE_STANDARD = gnu99;
				GCC_WARN_64_TO_32_BIT_CONVERSION = YES;
				GCC_WARN_ABOUT_RETURN_TYPE = YES_ERROR;
				GCC_WARN_UNDECLARED_SELECTOR = YES;
				GCC_WARN_UNINITIALIZED_AUTOS = YES_AGGRESSIVE;
				GCC_WARN_UNUSED_FUNCTION = YES;
				GCC_WARN_UNUSED_VARIABLE = YES;
				MACOSX_DEPLOYMENT_TARGET = 10.10;
				MTL_ENABLE_DEBUG_INFO = NO;
				SDKROOT = macosx;
			};
			name = Release;
		};
		D8F76F171A23B6EC008879E9 /* Debug */ = {
			isa = XCBuildConfiguration;
			buildSettings = {
				ASSETCATALOG_COMPILER_APPICON_NAME = AppIcon;
				COMBINE_HIDPI_IMAGES = YES;
				INFOPLIST_FILE = SoundDown/Info.plist;
				LD_RUNPATH_SEARCH_PATHS = "$(inherited) @executable_path/../Frameworks";
				PRODUCT_NAME = "$(TARGET_NAME)";
			};
			name = Debug;
		};
		D8F76F181A23B6EC008879E9 /* Release */ = {
			isa = XCBuildConfiguration;
			buildSettings = {
				ASSETCATALOG_COMPILER_APPICON_NAME = AppIcon;
				COMBINE_HIDPI_IMAGES = YES;
				INFOPLIST_FILE = SoundDown/Info.plist;
				LD_RUNPATH_SEARCH_PATHS = "$(inherited) @executable_path/../Frameworks";
				PRODUCT_NAME = "$(TARGET_NAME)";
			};
			name = Release;
		};
		D8F76F1A1A23B6EC008879E9 /* Debug */ = {
			isa = XCBuildConfiguration;
			buildSettings = {
				BUNDLE_LOADER = "$(TEST_HOST)";
				COMBINE_HIDPI_IMAGES = YES;
				FRAMEWORK_SEARCH_PATHS = (
					"$(DEVELOPER_FRAMEWORKS_DIR)",
					"$(inherited)",
				);
				GCC_PREPROCESSOR_DEFINITIONS = (
					"DEBUG=1",
					"$(inherited)",
				);
				INFOPLIST_FILE = SoundDownTests/Info.plist;
				LD_RUNPATH_SEARCH_PATHS = "$(inherited) @executable_path/../Frameworks @loader_path/../Frameworks";
				PRODUCT_NAME = "$(TARGET_NAME)";
				TEST_HOST = "$(BUILT_PRODUCTS_DIR)/SoundDown.app/Contents/MacOS/SoundDown";
			};
			name = Debug;
		};
		D8F76F1B1A23B6EC008879E9 /* Release */ = {
			isa = XCBuildConfiguration;
			buildSettings = {
				BUNDLE_LOADER = "$(TEST_HOST)";
				COMBINE_HIDPI_IMAGES = YES;
				FRAMEWORK_SEARCH_PATHS = (
					"$(DEVELOPER_FRAMEWORKS_DIR)",
					"$(inherited)",
				);
				INFOPLIST_FILE = SoundDownTests/Info.plist;
				LD_RUNPATH_SEARCH_PATHS = "$(inherited) @executable_path/../Frameworks @loader_path/../Frameworks";
				PRODUCT_NAME = "$(TARGET_NAME)";
				TEST_HOST = "$(BUILT_PRODUCTS_DIR)/SoundDown.app/Contents/MacOS/SoundDown";
			};
			name = Release;
		};
/* End XCBuildConfiguration section */

/* Begin XCConfigurationList section */
		D8F76EF51A23B6EB008879E9 /* Build configuration list for PBXProject "SoundDown" */ = {
			isa = XCConfigurationList;
			buildConfigurations = (
				D8F76F141A23B6EC008879E9 /* Debug */,
				D8F76F151A23B6EC008879E9 /* Release */,
			);
			defaultConfigurationIsVisible = 0;
			defaultConfigurationName = Release;
		};
		D8F76F161A23B6EC008879E9 /* Build configuration list for PBXNativeTarget "SoundDown" */ = {
			isa = XCConfigurationList;
			buildConfigurations = (
				D8F76F171A23B6EC008879E9 /* Debug */,
				D8F76F181A23B6EC008879E9 /* Release */,
			);
			defaultConfigurationIsVisible = 0;
		};
		D8F76F191A23B6EC008879E9 /* Build configuration list for PBXNativeTarget "SoundDownTests" */ = {
			isa = XCConfigurationList;
			buildConfigurations = (
				D8F76F1A1A23B6EC008879E9 /* Debug */,
				D8F76F1B1A23B6EC008879E9 /* Release */,
			);
			defaultConfigurationIsVisible = 0;
		};
/* End XCConfigurationList section */
	};
	rootObject = D8F76EF21A23B6EB008879E9 /* Project object */;
}
